
Microsoft Visual Studio Solution File, Format Version 12.00
# Visual Studio Version 17
VisualStudioVersion = 17.13.35825.156 d17.13
MinimumVisualStudioVersion = 10.0.40219.1
Project("{8BC9CEB8-8B4A-11D0-8D11-00A0C91BC942}") = "lesson2D", "lesson2D\lesson2D.vcxproj", "{7B2684CE-0BB9-4F30-9B97-053802954252}"
EndProject
Global
	GlobalSection(SolutionConfigurationPlatforms) = preSolution
		Debug|x64 = Debug|x64
		Debug|x86 = Debug|x86
		Release|x64 = Release|x64
		Release|x86 = Release|x86
	EndGlobalSection
	GlobalSection(ProjectConfigurationPlatforms) = postSolution
		{7B2684CE-0BB9-4F30-9B97-053802954252}.Debug|x64.ActiveCfg = Debug|x64
		{7B2684CE-0BB9-4F30-9B97-053802954252}.Debug|x64.Build.0 = Debug|x64
		{7B2684CE-0BB9-4F30-9B97-053802954252}.Debug|x86.ActiveCfg = Debug|Win32
		{7B2684CE-0BB9-4F30-9B97-053802954252}.Debug|x86.Build.0 = Debug|Win32
		{7B2684CE-0BB9-4F30-9B97-053802954252}.Release|x64.ActiveCfg = Release|x64
		{7B2684CE-0BB9-4F30-9B97-053802954252}.Release|x64.Build.0 = Release|x64
		{7B2684CE-0BB9-4F30-9B97-053802954252}.Release|x86.ActiveCfg = Release|Win32
		{7B2684CE-0BB9-4F30-9B97-053802954252}.Release|x86.Build.0 = Release|Win32
	EndGlobalSection
	GlobalSection(SolutionProperties) = preSolution
		HideSolutionNode = FALSE
	EndGlobalSection
	GlobalSection(ExtensibilityGlobals) = postSolution
		SolutionGuid = {2B486F16-14AB-4DCF-BCD8-A12B300A3829}
	EndGlobalSection
EndGlobal
